dependencies:
  espressif/esp-zigbee-lib:
    component_hash: 6f7fa0e15a3b316ab82717b34e5cec8f20fb1d835c4556277134f178f58fc131
    dependencies:
    - name: idf
      require: private
      version: '>=5.0'
    source:
      registry_url: https://components.espressif.com/
      type: service
    version: 2.0.1
  idf:
    source:
      type: idf
    version: 5.5.3
direct_dependencies:
- espressif/esp-zigbee-lib
- idf
manifest_hash: d8dd5127b2e94465ecefeab6b192cf8876cbeeee4fda9f9c11df6a97f9d24bf4
target: esp32c6
version: 2.0.0
